
Microsoft Visual Studio Solution File, Format Version 12.00
# Visual Studio 2012
Project("{FAE04EC0-301F-11D3-BF4B-00C04F79EFBC}") = "ClassesA", "ClassesA\ClassesA.csproj", "{0BC0562D-41E6-443C-9C86-517CBE264437}"
EndProject
Global
	GlobalSection(SolutionConfigurationPlatforms) = preSolution
		Debug|x86 = Debug|x86
		Release|x86 = Release|x86
	EndGlobalSection
	GlobalSection(ProjectConfigurationPlatforms) = postSolution
		{0BC0562D-41E6-443C-9C86-517CBE264437}.Debug|x86.ActiveCfg = Debug|x86
		{0BC0562D-41E6-443C-9C86-517CBE264437}.Debug|x86.Build.0 = Debug|x86
		{0BC0562D-41E6-443C-9C86-517CBE264437}.Release|x86.ActiveCfg = Release|x86
		{0BC0562D-41E6-443C-9C86-517CBE264437}.Release|x86.Build.0 = Release|x86
	EndGlobalSection
EndGlobal
