
Microsoft Visual Studio Solution File, Format Version 12.00
# Visual Studio 2012
Project("{FAE04EC0-301F-11D3-BF4B-00C04F79EFBC}") = "Exercices", "Exercices\Exercices.csproj", "{546674B0-1B08-4332-AB44-91E4ED4C532E}"
EndProject
Global
	GlobalSection(SolutionConfigurationPlatforms) = preSolution
		Debug|x86 = Debug|x86
		Release|x86 = Release|x86
	EndGlobalSection
	GlobalSection(ProjectConfigurationPlatforms) = postSolution
		{546674B0-1B08-4332-AB44-91E4ED4C532E}.Debug|x86.ActiveCfg = Debug|x86
		{546674B0-1B08-4332-AB44-91E4ED4C532E}.Debug|x86.Build.0 = Debug|x86
		{546674B0-1B08-4332-AB44-91E4ED4C532E}.Release|x86.ActiveCfg = Release|x86
		{546674B0-1B08-4332-AB44-91E4ED4C532E}.Release|x86.Build.0 = Release|x86
	EndGlobalSection
EndGlobal
