
Microsoft Visual Studio Solution File, Format Version 12.00
# Visual Studio 2012
Project("{FAE04EC0-301F-11D3-BF4B-00C04F79EFBC}") = "Exercices", "Exercices\Exercices.csproj", "{8807A8B5-E27A-457E-94D1-25C0D52344D6}"
EndProject
Global
	GlobalSection(SolutionConfigurationPlatforms) = preSolution
		Debug|x86 = Debug|x86
		Release|x86 = Release|x86
	EndGlobalSection
	GlobalSection(ProjectConfigurationPlatforms) = postSolution
		{8807A8B5-E27A-457E-94D1-25C0D52344D6}.Debug|x86.ActiveCfg = Debug|x86
		{8807A8B5-E27A-457E-94D1-25C0D52344D6}.Debug|x86.Build.0 = Debug|x86
		{8807A8B5-E27A-457E-94D1-25C0D52344D6}.Release|x86.ActiveCfg = Release|x86
		{8807A8B5-E27A-457E-94D1-25C0D52344D6}.Release|x86.Build.0 = Release|x86
	EndGlobalSection
EndGlobal
