
Microsoft Visual Studio Solution File, Format Version 12.00
# Visual Studio 2012
Project("{FAE04EC0-301F-11D3-BF4B-00C04F79EFBC}") = "8_Inheritance", "8_Inheritance\8_Inheritance.csproj", "{F85C8FAA-40BD-45B5-A329-26340D601C52}"
EndProject
Global
	GlobalSection(SolutionConfigurationPlatforms) = preSolution
		Debug|x86 = Debug|x86
		Release|x86 = Release|x86
	EndGlobalSection
	GlobalSection(ProjectConfigurationPlatforms) = postSolution
		{F85C8FAA-40BD-45B5-A329-26340D601C52}.Debug|x86.ActiveCfg = Debug|x86
		{F85C8FAA-40BD-45B5-A329-26340D601C52}.Debug|x86.Build.0 = Debug|x86
		{F85C8FAA-40BD-45B5-A329-26340D601C52}.Release|x86.ActiveCfg = Release|x86
		{F85C8FAA-40BD-45B5-A329-26340D601C52}.Release|x86.Build.0 = Release|x86
	EndGlobalSection
EndGlobal
