
Microsoft Visual Studio Solution File, Format Version 12.00
# Visual Studio 2012
Project("{FAE04EC0-301F-11D3-BF4B-00C04F79EFBC}") = "AccMod", "AccMod\AccMod.csproj", "{428271E8-E9D8-461A-84F6-A534C0ED11A1}"
EndProject
Global
	GlobalSection(SolutionConfigurationPlatforms) = preSolution
		Debug|x86 = Debug|x86
		Release|x86 = Release|x86
	EndGlobalSection
	GlobalSection(ProjectConfigurationPlatforms) = postSolution
		{428271E8-E9D8-461A-84F6-A534C0ED11A1}.Debug|x86.ActiveCfg = Debug|x86
		{428271E8-E9D8-461A-84F6-A534C0ED11A1}.Debug|x86.Build.0 = Debug|x86
		{428271E8-E9D8-461A-84F6-A534C0ED11A1}.Release|x86.ActiveCfg = Release|x86
		{428271E8-E9D8-461A-84F6-A534C0ED11A1}.Release|x86.Build.0 = Release|x86
	EndGlobalSection
EndGlobal
